// !$*UTF8*$!
{
	archiveVersion = 1;
	classes = {
	};
	objectVersion = 50;
	objects = {

/* Begin PBXBuildFile section */
		BD5987982607EF1B003FA4F9 /* level2.txt in Resources */ = {isa = PBXBuildFile; fileRef = BD5987962607EF1B003FA4F9 /* level2.txt */; };
		BD5987992607EF1B003FA4F9 /* level1.txt in Resources */ = {isa = PBXBuildFile; fileRef = BD5987972607EF1B003FA4F9 /* level1.txt */; };
		BD6DED4D2605E7A700E538FC /* AppDelegate.swift in Sources */ = {isa = PBXBuildFile; fileRef = BD6DED4C2605E7A700E538FC /* AppDelegate.swift */; };
		BD6DED4F2605E7A700E538FC /* SceneDelegate.swift in Sources */ = {isa = PBXBuildFile; fileRef = BD6DED4E2605E7A700E538FC /* SceneDelegate.swift */; };
		BD6DED512605E7A700E538FC /* ViewController.swift in Sources */ = {isa = PBXBuildFile; fileRef = BD6DED502605E7A700E538FC /* ViewController.swift */; };
		BD6DED542605E7A700E538FC /* Main.storyboard in Resources */ = {isa = PBXBuildFile; fileRef = BD6DED522605E7A700E538FC /* Main.storyboard */; };
		BD6DED562605E7AA00E538FC /* Assets.xcassets in Resources */ = {isa = PBXBuildFile; fileRef = BD6DED552605E7AA00E538FC /* Assets.xcassets */; };
		BD6DED592605E7AA00E538FC /* LaunchScreen.storyboard in Resources */ = {isa = PBXBuildFile; fileRef = BD6DED572605E7AA00E538FC /* LaunchScreen.storyboard */; };
/* End PBXBuildFile section */

/* Begin PBXFileReference section */
		BD5987962607EF1B003FA4F9 /* level2.txt */ = {isa = PBXFileReference; fileEncoding = 4; lastKnownFileType = text; path = level2.txt; sourceTree = "<group>"; };
		BD5987972607EF1B003FA4F9 /* level1.txt */ = {isa = PBXFileReference; fileEncoding = 4; lastKnownFileType = text; path = level1.txt; sourceTree = "<group>"; };
		BD6DED492605E7A700E538FC /* Project 8.app */ = {isa = PBXFileReference; explicitFileType = wrapper.application; includeInIndex = 0; path = "Project 8.app"; sourceTree = BUILT_PRODUCTS_DIR; };
		BD6DED4C2605E7A700E538FC /* AppDelegate.swift */ = {isa = PBXFileReference; lastKnownFileType = sourcecode.swift; path = AppDelegate.swift; sourceTree = "<group>"; };
		BD6DED4E2605E7A700E538FC /* SceneDelegate.swift */ = {isa = PBXFileReference; lastKnownFileType = sourcecode.swift; path = SceneDelegate.swift; sourceTree = "<group>"; };
		BD6DED502605E7A700E538FC /* ViewController.swift */ = {isa = PBXFileReference; lastKnownFileType = sourcecode.swift; path = ViewController.swift; sourceTree = "<group>"; };
		BD6DED532605E7A700E538FC /* Base */ = {isa = PBXFileReference; lastKnownFileType = file.storyboard; name = Base; path = Base.lproj/Main.storyboard; sourceTree = "<group>"; };
		BD6DED552605E7AA00E538FC /* Assets.xcassets */ = {isa = PBXFileReference; lastKnownFileType = folder.assetcatalog; path = Assets.xcassets; sourceTree = "<group>"; };
		BD6DED582605E7AA00E538FC /* Base */ = {isa = PBXFileReference; lastKnownFileType = file.storyboard; name = Base; path = Base.lproj/LaunchScreen.storyboard; sourceTree = "<group>"; };
		BD6DED5A2605E7AA00E538FC /* Info.plist */ = {isa = PBXFileReference; lastKnownFileType = text.plist.xml; path = Info.plist; sourceTree = "<group>"; };
/* End PBXFileReference section */

/* Begin PBXFrameworksBuildPhase section */
		BD6DED462605E7A700E538FC /* Frameworks */ = {
			isa = PBXFrameworksBuildPhase;
			buildActionMask = 2147483647;
			files = (
			);
			runOnlyForDeploymentPostprocessing = 0;
		};
/* End PBXFrameworksBuildPhase section */

/* Begin PBXGroup section */
		BD6DED402605E7A700E538FC = {
			isa = PBXGroup;
			children = (
				BD6DED4B2605E7A700E538FC /* Project 8 */,
				BD6DED4A2605E7A700E538FC /* Products */,
			);
			sourceTree = "<group>";
		};
		BD6DED4A2605E7A700E538FC /* Products */ = {
			isa = PBXGroup;
			children = (
				BD6DED492605E7A700E538FC /* Project 8.app */,
			);
			name = Products;
			sourceTree = "<group>";
		};
		BD6DED4B2605E7A700E538FC /* Project 8 */ = {
			isa = PBXGroup;
			children = (
				BD6DED4C2605E7A700E538FC /* AppDelegate.swift */,
				BD6DED4E2605E7A700E538FC /* SceneDelegate.swift */,
				BD6DED502605E7A700E538FC /* ViewController.swift */,
				BD6DED522605E7A700E538FC /* Main.storyboard */,
				BD6DED552605E7AA00E538FC /* Assets.xcassets */,
				BD6DED572605E7AA00E538FC /* LaunchScreen.storyboard */,
				BD6DED5A2605E7AA00E538FC /* Info.plist */,
				BD5987972607EF1B003FA4F9 /* level1.txt */,
				BD5987962607EF1B003FA4F9 /* level2.txt */,
			);
			path = "Project 8";
			sourceTree = "<group>";
		};
/* End PBXGroup section */

/* Begin PBXNativeTarget section */
		BD6DED482605E7A700E538FC /* Project 8 */ = {
			isa = PBXNativeTarget;
			buildConfigurationList = BD6DED5D2605E7AA00E538FC /* Build configuration list for PBXNativeTarget "Project 8" */;
			buildPhases = (
				BD6DED452605E7A700E538FC /* Sources */,
				BD6DED462605E7A700E538FC /* Frameworks */,
				BD6DED472605E7A700E538FC /* Resources */,
			);
			buildRules = (
			);
			dependencies = (
			);
			name = "Project 8";
			productName = "Project 8";
			productReference = BD6DED492605E7A700E538FC /* Project 8.app */;
			productType = "com.apple.product-type.application";
		};
/* End PBXNativeTarget section */

/* Begin PBXProject section */
		BD6DED412605E7A700E538FC /* Project object */ = {
			isa = PBXProject;
			attributes = {
				LastSwiftUpdateCheck = 1240;
				LastUpgradeCheck = 1240;
				TargetAttributes = {
					BD6DED482605E7A700E538FC = {
						CreatedOnToolsVersion = 12.4;
					};
				};
			};
			buildConfigurationList = BD6DED442605E7A700E538FC /* Build configuration list for PBXProject "Project 8" */;
			compatibilityVersion = "Xcode 9.3";
			developmentRegion = en;
			hasScannedForEncodings = 0;
			knownRegions = (
				en,
				Base,
			);
			mainGroup = BD6DED402605E7A700E538FC;
			productRefGroup = BD6DED4A2605E7A700E538FC /* Products */;
			projectDirPath = "";
			projectRoot = "";
			targets = (
				BD6DED482605E7A700E538FC /* Project 8 */,
			);
		};
/* End PBXProject section */

/* Begin PBXResourcesBuildPhase section */
		BD6DED472605E7A700E538FC /* Resources */ = {
			isa = PBXResourcesBuildPhase;
			buildActionMask = 2147483647;
			files = (
				BD5987992607EF1B003FA4F9 /* level1.txt in Resources */,
				BD6DED592605E7AA00E538FC /* LaunchScreen.storyboard in Resources */,
				BD6DED562605E7AA00E538FC /* Assets.xcassets in Resources */,
				BD5987982607EF1B003FA4F9 /* level2.txt in Resources */,
				BD6DED542605E7A700E538FC /* Main.storyboard in Resources */,
			);
			runOnlyForDeploymentPostprocessing = 0;
		};
/* End PBXResourcesBuildPhase section */

/* Begin PBXSourcesBuildPhase section */
		BD6DED452605E7A700E538FC /* Sources */ = {
			isa = PBXSourcesBuildPhase;
			buildActionMask = 2147483647;
			files = (
				BD6DED512605E7A700E538FC /* ViewController.swift in Sources */,
				BD6DED4D2605E7A700E538FC /* AppDelegate.swift in Sources */,
				BD6DED4F2605E7A700E538FC /* SceneDelegate.swift in Sources */,
			);
			runOnlyForDeploymentPostprocessing = 0;
		};
/* End PBXSourcesBuildPhase section */

/* Begin PBXVariantGroup section */
		BD6DED522605E7A700E538FC /* Main.storyboard */ = {
			isa = PBXVariantGroup;
			children = (
				BD6DED532605E7A700E538FC /* Base */,
			);
			name = Main.storyboard;
			sourceTree = "<group>";
		};
		BD6DED572605E7AA00E538FC /* LaunchScreen.storyboard */ = {
			isa = PBXVariantGroup;
			children = (
				BD6DED582605E7AA00E538FC /* Base */,
			);
			name = LaunchScreen.storyboard;
			sourceTree = "<group>";
		};
/* End PBXVariantGroup section */

/* Begin XCBuildConfiguration section */
		BD6DED5B2605E7AA00E538FC /* Debug */ = {
			isa = XCBuildConfiguration;
			buildSettings = {
				ALWAYS_SEARCH_USER_PATHS = NO;
				CLANG_ANALYZER_NONNULL = YES;
				CLANG_ANALYZER_NUMBER_OBJECT_CONVERSION = YES_AGGRESSIVE;
				CLANG_CXX_LANGUAGE_STANDARD = "gnu++14";
				CLANG_CXX_LIBRARY = "libc++";
				CLANG_ENABLE_MODULES = YES;
				CLANG_ENABLE_OBJC_ARC = YES;
				CLANG_ENABLE_OBJC_WEAK = YES;
				CLANG_WARN_BLOCK_CAPTURE_AUTORELEASING = YES;
				CLANG_WARN_BOOL_CONVERSION = YES;
				CLANG_WARN_COMMA = YES;
				CLANG_WARN_CONSTANT_CONVERSION = YES;
				CLANG_WARN_DEPRECATED_OBJC_IMPLEMENTATIONS = YES;
				CLANG_WARN_DIRECT_OBJC_ISA_USAGE = YES_ERROR;
				CLANG_WARN_DOCUMENTATION_COMMENTS = YES;
				CLANG_WARN_EMPTY_BODY = YES;
				CLANG_WARN_ENUM_CONVERSION = YES;
				CLANG_WARN_INFINITE_RECURSION = YES;
				CLANG_WARN_INT_CONVERSION = YES;
				CLANG_WARN_NON_LITERAL_NULL_CONVERSION = YES;
				CLANG_WARN_OBJC_IMPLICIT_RETAIN_SELF = YES;
				CLANG_WARN_OBJC_LITERAL_CONVERSION = YES;
				CLANG_WARN_OBJC_ROOT_CLASS = YES_ERROR;
				CLANG_WARN_QUOTED_INCLUDE_IN_FRAMEWORK_HEADER = YES;
				CLANG_WARN_RANGE_LOOP_ANALYSIS = YES;
				CLANG_WARN_STRICT_PROTOTYPES = YES;
				CLANG_WARN_SUSPICIOUS_MOVE = YES;
				CLANG_WARN_UNGUARDED_AVAILABILITY = YES_AGGRESSIVE;
				CLANG_WARN_UNREACHABLE_CODE = YES;
				CLANG_WARN__DUPLICATE_METHOD_MATCH = YES;
				COPY_PHASE_STRIP = NO;
				DEBUG_INFORMATION_FORMAT = dwarf;
				ENABLE_STRICT_OBJC_MSGSEND = YES;
				ENABLE_TESTABILITY = YES;
				GCC_C_LANGUAGE_STANDARD = gnu11;
				GCC_DYNAMIC_NO_PIC = NO;
				GCC_NO_COMMON_BLOCKS = YES;
				GCC_OPTIMIZATION_LEVEL = 0;
				GCC_PREPROCESSOR_DEFINITIONS = (
					"DEBUG=1",
					"$(inherited)",
				);
				GCC_WARN_64_TO_32_BIT_CONVERSION = YES;
				GCC_WARN_ABOUT_RETURN_TYPE = YES_ERROR;
				GCC_WARN_UNDECLARED_SELECTOR = YES;
				GCC_WARN_UNINITIALIZED_AUTOS = YES_AGGRESSIVE;
				GCC_WARN_UNUSED_FUNCTION = YES;
				GCC_WARN_UNUSED_VARIABLE = YES;
				IPHONEOS_DEPLOYMENT_TARGET = 14.4;
				MTL_ENABLE_DEBUG_INFO = INCLUDE_SOURCE;
				MTL_FAST_MATH = YES;
				ONLY_ACTIVE_ARCH = YES;
				SDKROOT = iphoneos;
				SWIFT_ACTIVE_COMPILATION_CONDITIONS = DEBUG;
				SWIFT_OPTIMIZATION_LEVEL = "-Onone";
			};
			name = Debug;
		};
		BD6DED5C2605E7AA00E538FC /* Release */ = {
			isa = XCBuildConfiguration;
			buildSettings = {
				ALWAYS_SEARCH_USER_PATHS = NO;
				CLANG_ANALYZER_NONNULL = YES;
				CLANG_ANALYZER_NUMBER_OBJECT_CONVERSION = YES_AGGRESSIVE;
				CLANG_CXX_LANGUAGE_STANDARD = "gnu++14";
				CLANG_CXX_LIBRARY = "libc++";
				CLANG_ENABLE_MODULES = YES;
				CLANG_ENABLE_OBJC_ARC = YES;
				CLANG_ENABLE_OBJC_WEAK = YES;
				CLANG_WARN_BLOCK_CAPTURE_AUTORELEASING = YES;
				CLANG_WARN_BOOL_CONVERSION = YES;
				CLANG_WARN_COMMA = YES;
				CLANG_WARN_CONSTANT_CONVERSION = YES;
				CLANG_WARN_DEPRECATED_OBJC_IMPLEMENTATIONS = YES;
				CLANG_WARN_DIRECT_OBJC_ISA_USAGE = YES_ERROR;
				CLANG_WARN_DOCUMENTATION_COMMENTS = YES;
				CLANG_WARN_EMPTY_BODY = YES;
				CLANG_WARN_ENUM_CONVERSION = YES;
				CLANG_WARN_INFINITE_RECURSION = YES;
				CLANG_WARN_INT_CONVERSION = YES;
				CLANG_WARN_NON_LITERAL_NULL_CONVERSION = YES;
				CLANG_WARN_OBJC_IMPLICIT_RETAIN_SELF = YES;
				CLANG_WARN_OBJC_LITERAL_CONVERSION = YES;
				CLANG_WARN_OBJC_ROOT_CLASS = YES_ERROR;
				CLANG_WARN_QUOTED_INCLUDE_IN_FRAMEWORK_HEADER = YES;
				CLANG_WARN_RANGE_LOOP_ANALYSIS = YES;
				CLANG_WARN_STRICT_PROTOTYPES = YES;
				CLANG_WARN_SUSPICIOUS_MOVE = YES;
				CLANG_WARN_UNGUARDED_AVAILABILITY = YES_AGGRESSIVE;
				CLANG_WARN_UNREACHABLE_CODE = YES;
				CLANG_WARN__DUPLICATE_METHOD_MATCH = YES;
				COPY_PHASE_STRIP = NO;
				DEBUG_INFORMATION_FORMAT = "dwarf-with-dsym";
				ENABLE_NS_ASSERTIONS = NO;
				ENABLE_STRICT_OBJC_MSGSEND = YES;
				GCC_C_LANGUAGE_STANDARD = gnu11;
				GCC_NO_COMMON_BLOCKS = YES;
				GCC_WARN_64_TO_32_BIT_CONVERSION = YES;
				GCC_WARN_ABOUT_RETURN_TYPE = YES_ERROR;
				GCC_WARN_UNDECLARED_SELECTOR = YES;
				GCC_WARN_UNINITIALIZED_AUTOS = YES_AGGRESSIVE;
				GCC_WARN_UNUSED_FUNCTION = YES;
				GCC_WARN_UNUSED_VARIABLE = YES;
				IPHONEOS_DEPLOYMENT_TARGET = 14.4;
				MTL_ENABLE_DEBUG_INFO = NO;
				MTL_FAST_MATH = YES;
				SDKROOT = iphoneos;
				SWIFT_COMPILATION_MODE = wholemodule;
				SWIFT_OPTIMIZATION_LEVEL = "-O";
				VALIDATE_PRODUCT = YES;
			};
			name = Release;
		};
		BD6DED5E2605E7AA00E538FC /* Debug */ = {
			isa = XCBuildConfiguration;
			buildSettings = {
				ASSETCATALOG_COMPILER_APPICON_NAME = AppIcon;
				ASSETCATALOG_COMPILER_GLOBAL_ACCENT_COLOR_NAME = AccentColor;
				CODE_SIGN_STYLE = Automatic;
				DEVELOPMENT_TEAM = Q9PPH2T3L2;
				INFOPLIST_FILE = "Project 8/Info.plist";
				LD_RUNPATH_SEARCH_PATHS = (
					"$(inherited)",
					"@executable_path/Frameworks",
				);
				PRODUCT_BUNDLE_IDENTIFIER = "com.samrshi.Project-8";
				PRODUCT_NAME = "$(TARGET_NAME)";
				SWIFT_VERSION = 5.0;
				TARGETED_DEVICE_FAMILY = 2;
			};
			name = Debug;
		};
		BD6DED5F2605E7AA00E538FC /* Release */ = {
			isa = XCBuildConfiguration;
			buildSettings = {
				ASSETCATALOG_COMPILER_APPICON_NAME = AppIcon;
				ASSETCATALOG_COMPILER_GLOBAL_ACCENT_COLOR_NAME = AccentColor;
				CODE_SIGN_STYLE = Automatic;
				DEVELOPMENT_TEAM = Q9PPH2T3L2;
				INFOPLIST_FILE = "Project 8/Info.plist";
				LD_RUNPATH_SEARCH_PATHS = (
					"$(inherited)",
					"@executable_path/Frameworks",
				);
				PRODUCT_BUNDLE_IDENTIFIER = "com.samrshi.Project-8";
				PRODUCT_NAME = "$(TARGET_NAME)";
				SWIFT_VERSION = 5.0;
				TARGETED_DEVICE_FAMILY = 2;
			};
			name = Release;
		};
/* End XCBuildConfiguration section */

/* Begin XCConfigurationList section */
		BD6DED442605E7A700E538FC /* Build configuration list for PBXProject "Project 8" */ = {
			isa = XCConfigurationList;
			buildConfigurations = (
				BD6DED5B2605E7AA00E538FC /* Debug */,
				BD6DED5C2605E7AA00E538FC /* Release */,
			);
			defaultConfigurationIsVisible = 0;
			defaultConfigurationName = Release;
		};
		BD6DED5D2605E7AA00E538FC /* Build configuration list for PBXNativeTarget "Project 8" */ = {
			isa = XCConfigurationList;
			buildConfigurations = (
				BD6DED5E2605E7AA00E538FC /* Debug */,
				BD6DED5F2605E7AA00E538FC /* Release */,
			);
			defaultConfigurationIsVisible = 0;
			defaultConfigurationName = Release;
		};
/* End XCConfigurationList section */
	};
	rootObject = BD6DED412605E7A700E538FC /* Project object */;
}
