// !$*UTF8*$!
{
	archiveVersion = 1;
	classes = {
	};
	objectVersion = 50;
	objects = {

/* Begin PBXBuildFile section */
		BDAA0039263D1AB6003A6ACC /* AppDelegate.swift in Sources */ = {isa = PBXBuildFile; fileRef = BDAA0038263D1AB6003A6ACC /* AppDelegate.swift */; };
		BDAA003B263D1AB6003A6ACC /* GameScene.sks in Resources */ = {isa = PBXBuildFile; fileRef = BDAA003A263D1AB6003A6ACC /* GameScene.sks */; };
		BDAA003F263D1AB6003A6ACC /* GameScene.swift in Sources */ = {isa = PBXBuildFile; fileRef = BDAA003E263D1AB6003A6ACC /* GameScene.swift */; };
		BDAA0041263D1AB6003A6ACC /* GameViewController.swift in Sources */ = {isa = PBXBuildFile; fileRef = BDAA0040263D1AB6003A6ACC /* GameViewController.swift */; };
		BDAA0044263D1AB6003A6ACC /* Main.storyboard in Resources */ = {isa = PBXBuildFile; fileRef = BDAA0042263D1AB6003A6ACC /* Main.storyboard */; };
		BDAA0046263D1AB7003A6ACC /* Assets.xcassets in Resources */ = {isa = PBXBuildFile; fileRef = BDAA0045263D1AB7003A6ACC /* Assets.xcassets */; };
		BDAA004F263D1B14003A6ACC /* starfield.sks in Resources */ = {isa = PBXBuildFile; fileRef = BDAA004D263D1B14003A6ACC /* starfield.sks */; };
		BDAA0050263D1B14003A6ACC /* explosion.sks in Resources */ = {isa = PBXBuildFile; fileRef = BDAA004E263D1B14003A6ACC /* explosion.sks */; };
/* End PBXBuildFile section */

/* Begin PBXFileReference section */
		BDAA0035263D1AB6003A6ACC /* Project 17.app */ = {isa = PBXFileReference; explicitFileType = wrapper.application; includeInIndex = 0; path = "Project 17.app"; sourceTree = BUILT_PRODUCTS_DIR; };
		BDAA0038263D1AB6003A6ACC /* AppDelegate.swift */ = {isa = PBXFileReference; lastKnownFileType = sourcecode.swift; path = AppDelegate.swift; sourceTree = "<group>"; };
		BDAA003A263D1AB6003A6ACC /* GameScene.sks */ = {isa = PBXFileReference; lastKnownFileType = file.sks; path = GameScene.sks; sourceTree = "<group>"; };
		BDAA003E263D1AB6003A6ACC /* GameScene.swift */ = {isa = PBXFileReference; lastKnownFileType = sourcecode.swift; path = GameScene.swift; sourceTree = "<group>"; };
		BDAA0040263D1AB6003A6ACC /* GameViewController.swift */ = {isa = PBXFileReference; lastKnownFileType = sourcecode.swift; path = GameViewController.swift; sourceTree = "<group>"; };
		BDAA0043263D1AB6003A6ACC /* Base */ = {isa = PBXFileReference; lastKnownFileType = file.storyboard; name = Base; path = Base.lproj/Main.storyboard; sourceTree = "<group>"; };
		BDAA0045263D1AB7003A6ACC /* Assets.xcassets */ = {isa = PBXFileReference; lastKnownFileType = folder.assetcatalog; path = Assets.xcassets; sourceTree = "<group>"; };
		BDAA0047263D1AB7003A6ACC /* Info.plist */ = {isa = PBXFileReference; lastKnownFileType = text.plist.xml; path = Info.plist; sourceTree = "<group>"; };
		BDAA004D263D1B14003A6ACC /* starfield.sks */ = {isa = PBXFileReference; lastKnownFileType = file.sks; name = starfield.sks; path = "project17-files/Content/starfield.sks"; sourceTree = SOURCE_ROOT; };
		BDAA004E263D1B14003A6ACC /* explosion.sks */ = {isa = PBXFileReference; lastKnownFileType = file.sks; name = explosion.sks; path = "project17-files/Content/explosion.sks"; sourceTree = SOURCE_ROOT; };
/* End PBXFileReference section */

/* Begin PBXFrameworksBuildPhase section */
		BDAA0032263D1AB5003A6ACC /* Frameworks */ = {
			isa = PBXFrameworksBuildPhase;
			buildActionMask = 2147483647;
			files = (
			);
			runOnlyForDeploymentPostprocessing = 0;
		};
/* End PBXFrameworksBuildPhase section */

/* Begin PBXGroup section */
		BDAA002C263D1AB5003A6ACC = {
			isa = PBXGroup;
			children = (
				BDAA0037263D1AB6003A6ACC /* Project 17 */,
				BDAA0036263D1AB6003A6ACC /* Products */,
			);
			sourceTree = "<group>";
		};
		BDAA0036263D1AB6003A6ACC /* Products */ = {
			isa = PBXGroup;
			children = (
				BDAA0035263D1AB6003A6ACC /* Project 17.app */,
			);
			name = Products;
			sourceTree = "<group>";
		};
		BDAA0037263D1AB6003A6ACC /* Project 17 */ = {
			isa = PBXGroup;
			children = (
				BDAA0038263D1AB6003A6ACC /* AppDelegate.swift */,
				BDAA003A263D1AB6003A6ACC /* GameScene.sks */,
				BDAA003E263D1AB6003A6ACC /* GameScene.swift */,
				BDAA0040263D1AB6003A6ACC /* GameViewController.swift */,
				BDAA004E263D1B14003A6ACC /* explosion.sks */,
				BDAA004D263D1B14003A6ACC /* starfield.sks */,
				BDAA0042263D1AB6003A6ACC /* Main.storyboard */,
				BDAA0045263D1AB7003A6ACC /* Assets.xcassets */,
				BDAA0047263D1AB7003A6ACC /* Info.plist */,
			);
			path = "Project 17";
			sourceTree = "<group>";
		};
/* End PBXGroup section */

/* Begin PBXNativeTarget section */
		BDAA0034263D1AB5003A6ACC /* Project 17 */ = {
			isa = PBXNativeTarget;
			buildConfigurationList = BDAA004A263D1AB7003A6ACC /* Build configuration list for PBXNativeTarget "Project 17" */;
			buildPhases = (
				BDAA0031263D1AB5003A6ACC /* Sources */,
				BDAA0032263D1AB5003A6ACC /* Frameworks */,
				BDAA0033263D1AB5003A6ACC /* Resources */,
			);
			buildRules = (
			);
			dependencies = (
			);
			name = "Project 17";
			productName = "Project 17";
			productReference = BDAA0035263D1AB6003A6ACC /* Project 17.app */;
			productType = "com.apple.product-type.application";
		};
/* End PBXNativeTarget section */

/* Begin PBXProject section */
		BDAA002D263D1AB5003A6ACC /* Project object */ = {
			isa = PBXProject;
			attributes = {
				LastSwiftUpdateCheck = 1250;
				LastUpgradeCheck = 1250;
				TargetAttributes = {
					BDAA0034263D1AB5003A6ACC = {
						CreatedOnToolsVersion = 12.5;
					};
				};
			};
			buildConfigurationList = BDAA0030263D1AB5003A6ACC /* Build configuration list for PBXProject "Project 17" */;
			compatibilityVersion = "Xcode 9.3";
			developmentRegion = en;
			hasScannedForEncodings = 0;
			knownRegions = (
				en,
				Base,
			);
			mainGroup = BDAA002C263D1AB5003A6ACC;
			productRefGroup = BDAA0036263D1AB6003A6ACC /* Products */;
			projectDirPath = "";
			projectRoot = "";
			targets = (
				BDAA0034263D1AB5003A6ACC /* Project 17 */,
			);
		};
/* End PBXProject section */

/* Begin PBXResourcesBuildPhase section */
		BDAA0033263D1AB5003A6ACC /* Resources */ = {
			isa = PBXResourcesBuildPhase;
			buildActionMask = 2147483647;
			files = (
				BDAA0044263D1AB6003A6ACC /* Main.storyboard in Resources */,
				BDAA003B263D1AB6003A6ACC /* GameScene.sks in Resources */,
				BDAA0046263D1AB7003A6ACC /* Assets.xcassets in Resources */,
				BDAA0050263D1B14003A6ACC /* explosion.sks in Resources */,
				BDAA004F263D1B14003A6ACC /* starfield.sks in Resources */,
			);
			runOnlyForDeploymentPostprocessing = 0;
		};
/* End PBXResourcesBuildPhase section */

/* Begin PBXSourcesBuildPhase section */
		BDAA0031263D1AB5003A6ACC /* Sources */ = {
			isa = PBXSourcesBuildPhase;
			buildActionMask = 2147483647;
			files = (
				BDAA003F263D1AB6003A6ACC /* GameScene.swift in Sources */,
				BDAA0041263D1AB6003A6ACC /* GameViewController.swift in Sources */,
				BDAA0039263D1AB6003A6ACC /* AppDelegate.swift in Sources */,
			);
			runOnlyForDeploymentPostprocessing = 0;
		};
/* End PBXSourcesBuildPhase section */

/* Begin PBXVariantGroup section */
		BDAA0042263D1AB6003A6ACC /* Main.storyboard */ = {
			isa = PBXVariantGroup;
			children = (
				BDAA0043263D1AB6003A6ACC /* Base */,
			);
			name = Main.storyboard;
			sourceTree = "<group>";
		};
/* End PBXVariantGroup section */

/* Begin XCBuildConfiguration section */
		BDAA0048263D1AB7003A6ACC /* Debug */ = {
			isa = XCBuildConfiguration;
			buildSettings = {
				ALWAYS_SEARCH_USER_PATHS = NO;
				CLANG_ANALYZER_NONNULL = YES;
				CLANG_ANALYZER_NUMBER_OBJECT_CONVERSION = YES_AGGRESSIVE;
				CLANG_CXX_LANGUAGE_STANDARD = "gnu++14";
				CLANG_CXX_LIBRARY = "libc++";
				CLANG_ENABLE_MODULES = YES;
				CLANG_ENABLE_OBJC_ARC = YES;
				CLANG_ENABLE_OBJC_WEAK = YES;
				CLANG_WARN_BLOCK_CAPTURE_AUTORELEASING = YES;
				CLANG_WARN_BOOL_CONVERSION = YES;
				CLANG_WARN_COMMA = YES;
				CLANG_WARN_CONSTANT_CONVERSION = YES;
				CLANG_WARN_DEPRECATED_OBJC_IMPLEMENTATIONS = YES;
				CLANG_WARN_DIRECT_OBJC_ISA_USAGE = YES_ERROR;
				CLANG_WARN_DOCUMENTATION_COMMENTS = YES;
				CLANG_WARN_EMPTY_BODY = YES;
				CLANG_WARN_ENUM_CONVERSION = YES;
				CLANG_WARN_INFINITE_RECURSION = YES;
				CLANG_WARN_INT_CONVERSION = YES;
				CLANG_WARN_NON_LITERAL_NULL_CONVERSION = YES;
				CLANG_WARN_OBJC_IMPLICIT_RETAIN_SELF = YES;
				CLANG_WARN_OBJC_LITERAL_CONVERSION = YES;
				CLANG_WARN_OBJC_ROOT_CLASS = YES_ERROR;
				CLANG_WARN_QUOTED_INCLUDE_IN_FRAMEWORK_HEADER = YES;
				CLANG_WARN_RANGE_LOOP_ANALYSIS = YES;
				CLANG_WARN_STRICT_PROTOTYPES = YES;
				CLANG_WARN_SUSPICIOUS_MOVE = YES;
				CLANG_WARN_UNGUARDED_AVAILABILITY = YES_AGGRESSIVE;
				CLANG_WARN_UNREACHABLE_CODE = YES;
				CLANG_WARN__DUPLICATE_METHOD_MATCH = YES;
				COPY_PHASE_STRIP = NO;
				DEBUG_INFORMATION_FORMAT = dwarf;
				ENABLE_STRICT_OBJC_MSGSEND = YES;
				ENABLE_TESTABILITY = YES;
				GCC_C_LANGUAGE_STANDARD = gnu11;
				GCC_DYNAMIC_NO_PIC = NO;
				GCC_NO_COMMON_BLOCKS = YES;
				GCC_OPTIMIZATION_LEVEL = 0;
				GCC_PREPROCESSOR_DEFINITIONS = (
					"DEBUG=1",
					"$(inherited)",
				);
				GCC_WARN_64_TO_32_BIT_CONVERSION = YES;
				GCC_WARN_ABOUT_RETURN_TYPE = YES_ERROR;
				GCC_WARN_UNDECLARED_SELECTOR = YES;
				GCC_WARN_UNINITIALIZED_AUTOS = YES_AGGRESSIVE;
				GCC_WARN_UNUSED_FUNCTION = YES;
				GCC_WARN_UNUSED_VARIABLE = YES;
				IPHONEOS_DEPLOYMENT_TARGET = 14.5;
				MTL_ENABLE_DEBUG_INFO = INCLUDE_SOURCE;
				MTL_FAST_MATH = YES;
				ONLY_ACTIVE_ARCH = YES;
				SDKROOT = iphoneos;
				SWIFT_ACTIVE_COMPILATION_CONDITIONS = DEBUG;
				SWIFT_OPTIMIZATION_LEVEL = "-Onone";
			};
			name = Debug;
		};
		BDAA0049263D1AB7003A6ACC /* Release */ = {
			isa = XCBuildConfiguration;
			buildSettings = {
				ALWAYS_SEARCH_USER_PATHS = NO;
				CLANG_ANALYZER_NONNULL = YES;
				CLANG_ANALYZER_NUMBER_OBJECT_CONVERSION = YES_AGGRESSIVE;
				CLANG_CXX_LANGUAGE_STANDARD = "gnu++14";
				CLANG_CXX_LIBRARY = "libc++";
				CLANG_ENABLE_MODULES = YES;
				CLANG_ENABLE_OBJC_ARC = YES;
				CLANG_ENABLE_OBJC_WEAK = YES;
				CLANG_WARN_BLOCK_CAPTURE_AUTORELEASING = YES;
				CLANG_WARN_BOOL_CONVERSION = YES;
				CLANG_WARN_COMMA = YES;
				CLANG_WARN_CONSTANT_CONVERSION = YES;
				CLANG_WARN_DEPRECATED_OBJC_IMPLEMENTATIONS = YES;
				CLANG_WARN_DIRECT_OBJC_ISA_USAGE = YES_ERROR;
				CLANG_WARN_DOCUMENTATION_COMMENTS = YES;
				CLANG_WARN_EMPTY_BODY = YES;
				CLANG_WARN_ENUM_CONVERSION = YES;
				CLANG_WARN_INFINITE_RECURSION = YES;
				CLANG_WARN_INT_CONVERSION = YES;
				CLANG_WARN_NON_LITERAL_NULL_CONVERSION = YES;
				CLANG_WARN_OBJC_IMPLICIT_RETAIN_SELF = YES;
				CLANG_WARN_OBJC_LITERAL_CONVERSION = YES;
				CLANG_WARN_OBJC_ROOT_CLASS = YES_ERROR;
				CLANG_WARN_QUOTED_INCLUDE_IN_FRAMEWORK_HEADER = YES;
				CLANG_WARN_RANGE_LOOP_ANALYSIS = YES;
				CLANG_WARN_STRICT_PROTOTYPES = YES;
				CLANG_WARN_SUSPICIOUS_MOVE = YES;
				CLANG_WARN_UNGUARDED_AVAILABILITY = YES_AGGRESSIVE;
				CLANG_WARN_UNREACHABLE_CODE = YES;
				CLANG_WARN__DUPLICATE_METHOD_MATCH = YES;
				COPY_PHASE_STRIP = NO;
				DEBUG_INFORMATION_FORMAT = "dwarf-with-dsym";
				ENABLE_NS_ASSERTIONS = NO;
				ENABLE_STRICT_OBJC_MSGSEND = YES;
				GCC_C_LANGUAGE_STANDARD = gnu11;
				GCC_NO_COMMON_BLOCKS = YES;
				GCC_WARN_64_TO_32_BIT_CONVERSION = YES;
				GCC_WARN_ABOUT_RETURN_TYPE = YES_ERROR;
				GCC_WARN_UNDECLARED_SELECTOR = YES;
				GCC_WARN_UNINITIALIZED_AUTOS = YES_AGGRESSIVE;
				GCC_WARN_UNUSED_FUNCTION = YES;
				GCC_WARN_UNUSED_VARIABLE = YES;
				IPHONEOS_DEPLOYMENT_TARGET = 14.5;
				MTL_ENABLE_DEBUG_INFO = NO;
				MTL_FAST_MATH = YES;
				SDKROOT = iphoneos;
				SWIFT_COMPILATION_MODE = wholemodule;
				SWIFT_OPTIMIZATION_LEVEL = "-O";
				VALIDATE_PRODUCT = YES;
			};
			name = Release;
		};
		BDAA004B263D1AB7003A6ACC /* Debug */ = {
			isa = XCBuildConfiguration;
			buildSettings = {
				ASSETCATALOG_COMPILER_APPICON_NAME = AppIcon;
				ASSETCATALOG_COMPILER_GLOBAL_ACCENT_COLOR_NAME = AccentColor;
				CODE_SIGN_STYLE = Automatic;
				DEVELOPMENT_TEAM = Q9PPH2T3L2;
				INFOPLIST_FILE = "Project 17/Info.plist";
				IPHONEOS_DEPLOYMENT_TARGET = 14.3;
				LD_RUNPATH_SEARCH_PATHS = (
					"$(inherited)",
					"@executable_path/Frameworks",
				);
				PRODUCT_BUNDLE_IDENTIFIER = "com.samrshi.Project-17";
				PRODUCT_NAME = "$(TARGET_NAME)";
				SWIFT_VERSION = 5.0;
				TARGETED_DEVICE_FAMILY = 2;
			};
			name = Debug;
		};
		BDAA004C263D1AB7003A6ACC /* Release */ = {
			isa = XCBuildConfiguration;
			buildSettings = {
				ASSETCATALOG_COMPILER_APPICON_NAME = AppIcon;
				ASSETCATALOG_COMPILER_GLOBAL_ACCENT_COLOR_NAME = AccentColor;
				CODE_SIGN_STYLE = Automatic;
				DEVELOPMENT_TEAM = Q9PPH2T3L2;
				INFOPLIST_FILE = "Project 17/Info.plist";
				IPHONEOS_DEPLOYMENT_TARGET = 14.3;
				LD_RUNPATH_SEARCH_PATHS = (
					"$(inherited)",
					"@executable_path/Frameworks",
				);
				PRODUCT_BUNDLE_IDENTIFIER = "com.samrshi.Project-17";
				PRODUCT_NAME = "$(TARGET_NAME)";
				SWIFT_VERSION = 5.0;
				TARGETED_DEVICE_FAMILY = 2;
			};
			name = Release;
		};
/* End XCBuildConfiguration section */

/* Begin XCConfigurationList section */
		BDAA0030263D1AB5003A6ACC /* Build configuration list for PBXProject "Project 17" */ = {
			isa = XCConfigurationList;
			buildConfigurations = (
				BDAA0048263D1AB7003A6ACC /* Debug */,
				BDAA0049263D1AB7003A6ACC /* Release */,
			);
			defaultConfigurationIsVisible = 0;
			defaultConfigurationName = Release;
		};
		BDAA004A263D1AB7003A6ACC /* Build configuration list for PBXNativeTarget "Project 17" */ = {
			isa = XCConfigurationList;
			buildConfigurations = (
				BDAA004B263D1AB7003A6ACC /* Debug */,
				BDAA004C263D1AB7003A6ACC /* Release */,
			);
			defaultConfigurationIsVisible = 0;
			defaultConfigurationName = Release;
		};
/* End XCConfigurationList section */
	};
	rootObject = BDAA002D263D1AB5003A6ACC /* Project object */;
}
