// !$*UTF8*$!
{
	archiveVersion = 1;
	classes = {
	};
	objectVersion = 50;
	objects = {

/* Begin PBXBuildFile section */
		BD2996A5260D4B3700F48270 /* hangman_words.txt in Resources */ = {isa = PBXBuildFile; fileRef = BD2996A4260D4B3700F48270 /* hangman_words.txt */; };
		BD2CA3AA260D1969008932EB /* AppDelegate.swift in Sources */ = {isa = PBXBuildFile; fileRef = BD2CA3A9260D1969008932EB /* AppDelegate.swift */; };
		BD2CA3AC260D1969008932EB /* SceneDelegate.swift in Sources */ = {isa = PBXBuildFile; fileRef = BD2CA3AB260D1969008932EB /* SceneDelegate.swift */; };
		BD2CA3AE260D1969008932EB /* ViewController.swift in Sources */ = {isa = PBXBuildFile; fileRef = BD2CA3AD260D1969008932EB /* ViewController.swift */; };
		BD2CA3B1260D1969008932EB /* Main.storyboard in Resources */ = {isa = PBXBuildFile; fileRef = BD2CA3AF260D1969008932EB /* Main.storyboard */; };
		BD2CA3B3260D196B008932EB /* Assets.xcassets in Resources */ = {isa = PBXBuildFile; fileRef = BD2CA3B2260D196B008932EB /* Assets.xcassets */; };
		BD2CA3B6260D196B008932EB /* LaunchScreen.storyboard in Resources */ = {isa = PBXBuildFile; fileRef = BD2CA3B4260D196B008932EB /* LaunchScreen.storyboard */; };
/* End PBXBuildFile section */

/* Begin PBXFileReference section */
		BD2996A4260D4B3700F48270 /* hangman_words.txt */ = {isa = PBXFileReference; fileEncoding = 4; lastKnownFileType = text; path = hangman_words.txt; sourceTree = "<group>"; };
		BD2CA3A6260D1969008932EB /* Milestone 3.app */ = {isa = PBXFileReference; explicitFileType = wrapper.application; includeInIndex = 0; path = "Milestone 3.app"; sourceTree = BUILT_PRODUCTS_DIR; };
		BD2CA3A9260D1969008932EB /* AppDelegate.swift */ = {isa = PBXFileReference; lastKnownFileType = sourcecode.swift; path = AppDelegate.swift; sourceTree = "<group>"; };
		BD2CA3AB260D1969008932EB /* SceneDelegate.swift */ = {isa = PBXFileReference; lastKnownFileType = sourcecode.swift; path = SceneDelegate.swift; sourceTree = "<group>"; };
		BD2CA3AD260D1969008932EB /* ViewController.swift */ = {isa = PBXFileReference; lastKnownFileType = sourcecode.swift; path = ViewController.swift; sourceTree = "<group>"; };
		BD2CA3B0260D1969008932EB /* Base */ = {isa = PBXFileReference; lastKnownFileType = file.storyboard; name = Base; path = Base.lproj/Main.storyboard; sourceTree = "<group>"; };
		BD2CA3B2260D196B008932EB /* Assets.xcassets */ = {isa = PBXFileReference; lastKnownFileType = folder.assetcatalog; path = Assets.xcassets; sourceTree = "<group>"; };
		BD2CA3B5260D196B008932EB /* Base */ = {isa = PBXFileReference; lastKnownFileType = file.storyboard; name = Base; path = Base.lproj/LaunchScreen.storyboard; sourceTree = "<group>"; };
		BD2CA3B7260D196B008932EB /* Info.plist */ = {isa = PBXFileReference; lastKnownFileType = text.plist.xml; path = Info.plist; sourceTree = "<group>"; };
/* End PBXFileReference section */

/* Begin PBXFrameworksBuildPhase section */
		BD2CA3A3260D1969008932EB /* Frameworks */ = {
			isa = PBXFrameworksBuildPhase;
			buildActionMask = 2147483647;
			files = (
			);
			runOnlyForDeploymentPostprocessing = 0;
		};
/* End PBXFrameworksBuildPhase section */

/* Begin PBXGroup section */
		BD2CA39D260D1969008932EB = {
			isa = PBXGroup;
			children = (
				BD2CA3A8260D1969008932EB /* Milestone 3 */,
				BD2CA3A7260D1969008932EB /* Products */,
			);
			sourceTree = "<group>";
		};
		BD2CA3A7260D1969008932EB /* Products */ = {
			isa = PBXGroup;
			children = (
				BD2CA3A6260D1969008932EB /* Milestone 3.app */,
			);
			name = Products;
			sourceTree = "<group>";
		};
		BD2CA3A8260D1969008932EB /* Milestone 3 */ = {
			isa = PBXGroup;
			children = (
				BD2CA3A9260D1969008932EB /* AppDelegate.swift */,
				BD2CA3AB260D1969008932EB /* SceneDelegate.swift */,
				BD2CA3AD260D1969008932EB /* ViewController.swift */,
				BD2CA3AF260D1969008932EB /* Main.storyboard */,
				BD2996A4260D4B3700F48270 /* hangman_words.txt */,
				BD2CA3B2260D196B008932EB /* Assets.xcassets */,
				BD2CA3B4260D196B008932EB /* LaunchScreen.storyboard */,
				BD2CA3B7260D196B008932EB /* Info.plist */,
			);
			path = "Milestone 3";
			sourceTree = "<group>";
		};
/* End PBXGroup section */

/* Begin PBXNativeTarget section */
		BD2CA3A5260D1969008932EB /* Milestone 3 */ = {
			isa = PBXNativeTarget;
			buildConfigurationList = BD2CA3BA260D196B008932EB /* Build configuration list for PBXNativeTarget "Milestone 3" */;
			buildPhases = (
				BD2CA3A2260D1969008932EB /* Sources */,
				BD2CA3A3260D1969008932EB /* Frameworks */,
				BD2CA3A4260D1969008932EB /* Resources */,
			);
			buildRules = (
			);
			dependencies = (
			);
			name = "Milestone 3";
			productName = "Milestone 3";
			productReference = BD2CA3A6260D1969008932EB /* Milestone 3.app */;
			productType = "com.apple.product-type.application";
		};
/* End PBXNativeTarget section */

/* Begin PBXProject section */
		BD2CA39E260D1969008932EB /* Project object */ = {
			isa = PBXProject;
			attributes = {
				LastSwiftUpdateCheck = 1240;
				LastUpgradeCheck = 1240;
				TargetAttributes = {
					BD2CA3A5260D1969008932EB = {
						CreatedOnToolsVersion = 12.4;
					};
				};
			};
			buildConfigurationList = BD2CA3A1260D1969008932EB /* Build configuration list for PBXProject "Milestone 3" */;
			compatibilityVersion = "Xcode 9.3";
			developmentRegion = en;
			hasScannedForEncodings = 0;
			knownRegions = (
				en,
				Base,
			);
			mainGroup = BD2CA39D260D1969008932EB;
			productRefGroup = BD2CA3A7260D1969008932EB /* Products */;
			projectDirPath = "";
			projectRoot = "";
			targets = (
				BD2CA3A5260D1969008932EB /* Milestone 3 */,
			);
		};
/* End PBXProject section */

/* Begin PBXResourcesBuildPhase section */
		BD2CA3A4260D1969008932EB /* Resources */ = {
			isa = PBXResourcesBuildPhase;
			buildActionMask = 2147483647;
			files = (
				BD2CA3B6260D196B008932EB /* LaunchScreen.storyboard in Resources */,
				BD2CA3B3260D196B008932EB /* Assets.xcassets in Resources */,
				BD2CA3B1260D1969008932EB /* Main.storyboard in Resources */,
				BD2996A5260D4B3700F48270 /* hangman_words.txt in Resources */,
			);
			runOnlyForDeploymentPostprocessing = 0;
		};
/* End PBXResourcesBuildPhase section */

/* Begin PBXSourcesBuildPhase section */
		BD2CA3A2260D1969008932EB /* Sources */ = {
			isa = PBXSourcesBuildPhase;
			buildActionMask = 2147483647;
			files = (
				BD2CA3AE260D1969008932EB /* ViewController.swift in Sources */,
				BD2CA3AA260D1969008932EB /* AppDelegate.swift in Sources */,
				BD2CA3AC260D1969008932EB /* SceneDelegate.swift in Sources */,
			);
			runOnlyForDeploymentPostprocessing = 0;
		};
/* End PBXSourcesBuildPhase section */

/* Begin PBXVariantGroup section */
		BD2CA3AF260D1969008932EB /* Main.storyboard */ = {
			isa = PBXVariantGroup;
			children = (
				BD2CA3B0260D1969008932EB /* Base */,
			);
			name = Main.storyboard;
			sourceTree = "<group>";
		};
		BD2CA3B4260D196B008932EB /* LaunchScreen.storyboard */ = {
			isa = PBXVariantGroup;
			children = (
				BD2CA3B5260D196B008932EB /* Base */,
			);
			name = LaunchScreen.storyboard;
			sourceTree = "<group>";
		};
/* End PBXVariantGroup section */

/* Begin XCBuildConfiguration section */
		BD2CA3B8260D196B008932EB /* Debug */ = {
			isa = XCBuildConfiguration;
			buildSettings = {
				ALWAYS_SEARCH_USER_PATHS = NO;
				CLANG_ANALYZER_NONNULL = YES;
				CLANG_ANALYZER_NUMBER_OBJECT_CONVERSION = YES_AGGRESSIVE;
				CLANG_CXX_LANGUAGE_STANDARD = "gnu++14";
				CLANG_CXX_LIBRARY = "libc++";
				CLANG_ENABLE_MODULES = YES;
				CLANG_ENABLE_OBJC_ARC = YES;
				CLANG_ENABLE_OBJC_WEAK = YES;
				CLANG_WARN_BLOCK_CAPTURE_AUTORELEASING = YES;
				CLANG_WARN_BOOL_CONVERSION = YES;
				CLANG_WARN_COMMA = YES;
				CLANG_WARN_CONSTANT_CONVERSION = YES;
				CLANG_WARN_DEPRECATED_OBJC_IMPLEMENTATIONS = YES;
				CLANG_WARN_DIRECT_OBJC_ISA_USAGE = YES_ERROR;
				CLANG_WARN_DOCUMENTATION_COMMENTS = YES;
				CLANG_WARN_EMPTY_BODY = YES;
				CLANG_WARN_ENUM_CONVERSION = YES;
				CLANG_WARN_INFINITE_RECURSION = YES;
				CLANG_WARN_INT_CONVERSION = YES;
				CLANG_WARN_NON_LITERAL_NULL_CONVERSION = YES;
				CLANG_WARN_OBJC_IMPLICIT_RETAIN_SELF = YES;
				CLANG_WARN_OBJC_LITERAL_CONVERSION = YES;
				CLANG_WARN_OBJC_ROOT_CLASS = YES_ERROR;
				CLANG_WARN_QUOTED_INCLUDE_IN_FRAMEWORK_HEADER = YES;
				CLANG_WARN_RANGE_LOOP_ANALYSIS = YES;
				CLANG_WARN_STRICT_PROTOTYPES = YES;
				CLANG_WARN_SUSPICIOUS_MOVE = YES;
				CLANG_WARN_UNGUARDED_AVAILABILITY = YES_AGGRESSIVE;
				CLANG_WARN_UNREACHABLE_CODE = YES;
				CLANG_WARN__DUPLICATE_METHOD_MATCH = YES;
				COPY_PHASE_STRIP = NO;
				DEBUG_INFORMATION_FORMAT = dwarf;
				ENABLE_STRICT_OBJC_MSGSEND = YES;
				ENABLE_TESTABILITY = YES;
				GCC_C_LANGUAGE_STANDARD = gnu11;
				GCC_DYNAMIC_NO_PIC = NO;
				GCC_NO_COMMON_BLOCKS = YES;
				GCC_OPTIMIZATION_LEVEL = 0;
				GCC_PREPROCESSOR_DEFINITIONS = (
					"DEBUG=1",
					"$(inherited)",
				);
				GCC_WARN_64_TO_32_BIT_CONVERSION = YES;
				GCC_WARN_ABOUT_RETURN_TYPE = YES_ERROR;
				GCC_WARN_UNDECLARED_SELECTOR = YES;
				GCC_WARN_UNINITIALIZED_AUTOS = YES_AGGRESSIVE;
				GCC_WARN_UNUSED_FUNCTION = YES;
				GCC_WARN_UNUSED_VARIABLE = YES;
				IPHONEOS_DEPLOYMENT_TARGET = 14.4;
				MTL_ENABLE_DEBUG_INFO = INCLUDE_SOURCE;
				MTL_FAST_MATH = YES;
				ONLY_ACTIVE_ARCH = YES;
				SDKROOT = iphoneos;
				SWIFT_ACTIVE_COMPILATION_CONDITIONS = DEBUG;
				SWIFT_OPTIMIZATION_LEVEL = "-Onone";
			};
			name = Debug;
		};
		BD2CA3B9260D196B008932EB /* Release */ = {
			isa = XCBuildConfiguration;
			buildSettings = {
				ALWAYS_SEARCH_USER_PATHS = NO;
				CLANG_ANALYZER_NONNULL = YES;
				CLANG_ANALYZER_NUMBER_OBJECT_CONVERSION = YES_AGGRESSIVE;
				CLANG_CXX_LANGUAGE_STANDARD = "gnu++14";
				CLANG_CXX_LIBRARY = "libc++";
				CLANG_ENABLE_MODULES = YES;
				CLANG_ENABLE_OBJC_ARC = YES;
				CLANG_ENABLE_OBJC_WEAK = YES;
				CLANG_WARN_BLOCK_CAPTURE_AUTORELEASING = YES;
				CLANG_WARN_BOOL_CONVERSION = YES;
				CLANG_WARN_COMMA = YES;
				CLANG_WARN_CONSTANT_CONVERSION = YES;
				CLANG_WARN_DEPRECATED_OBJC_IMPLEMENTATIONS = YES;
				CLANG_WARN_DIRECT_OBJC_ISA_USAGE = YES_ERROR;
				CLANG_WARN_DOCUMENTATION_COMMENTS = YES;
				CLANG_WARN_EMPTY_BODY = YES;
				CLANG_WARN_ENUM_CONVERSION = YES;
				CLANG_WARN_INFINITE_RECURSION = YES;
				CLANG_WARN_INT_CONVERSION = YES;
				CLANG_WARN_NON_LITERAL_NULL_CONVERSION = YES;
				CLANG_WARN_OBJC_IMPLICIT_RETAIN_SELF = YES;
				CLANG_WARN_OBJC_LITERAL_CONVERSION = YES;
				CLANG_WARN_OBJC_ROOT_CLASS = YES_ERROR;
				CLANG_WARN_QUOTED_INCLUDE_IN_FRAMEWORK_HEADER = YES;
				CLANG_WARN_RANGE_LOOP_ANALYSIS = YES;
				CLANG_WARN_STRICT_PROTOTYPES = YES;
				CLANG_WARN_SUSPICIOUS_MOVE = YES;
				CLANG_WARN_UNGUARDED_AVAILABILITY = YES_AGGRESSIVE;
				CLANG_WARN_UNREACHABLE_CODE = YES;
				CLANG_WARN__DUPLICATE_METHOD_MATCH = YES;
				COPY_PHASE_STRIP = NO;
				DEBUG_INFORMATION_FORMAT = "dwarf-with-dsym";
				ENABLE_NS_ASSERTIONS = NO;
				ENABLE_STRICT_OBJC_MSGSEND = YES;
				GCC_C_LANGUAGE_STANDARD = gnu11;
				GCC_NO_COMMON_BLOCKS = YES;
				GCC_WARN_64_TO_32_BIT_CONVERSION = YES;
				GCC_WARN_ABOUT_RETURN_TYPE = YES_ERROR;
				GCC_WARN_UNDECLARED_SELECTOR = YES;
				GCC_WARN_UNINITIALIZED_AUTOS = YES_AGGRESSIVE;
				GCC_WARN_UNUSED_FUNCTION = YES;
				GCC_WARN_UNUSED_VARIABLE = YES;
				IPHONEOS_DEPLOYMENT_TARGET = 14.4;
				MTL_ENABLE_DEBUG_INFO = NO;
				MTL_FAST_MATH = YES;
				SDKROOT = iphoneos;
				SWIFT_COMPILATION_MODE = wholemodule;
				SWIFT_OPTIMIZATION_LEVEL = "-O";
				VALIDATE_PRODUCT = YES;
			};
			name = Release;
		};
		BD2CA3BB260D196B008932EB /* Debug */ = {
			isa = XCBuildConfiguration;
			buildSettings = {
				ASSETCATALOG_COMPILER_APPICON_NAME = AppIcon;
				ASSETCATALOG_COMPILER_GLOBAL_ACCENT_COLOR_NAME = AccentColor;
				CODE_SIGN_STYLE = Automatic;
				DEVELOPMENT_TEAM = Q9PPH2T3L2;
				INFOPLIST_FILE = "Milestone 3/Info.plist";
				LD_RUNPATH_SEARCH_PATHS = (
					"$(inherited)",
					"@executable_path/Frameworks",
				);
				PRODUCT_BUNDLE_IDENTIFIER = "com.samrshi.Milestone-3";
				PRODUCT_NAME = "$(TARGET_NAME)";
				SWIFT_VERSION = 5.0;
				TARGETED_DEVICE_FAMILY = "1,2";
			};
			name = Debug;
		};
		BD2CA3BC260D196B008932EB /* Release */ = {
			isa = XCBuildConfiguration;
			buildSettings = {
				ASSETCATALOG_COMPILER_APPICON_NAME = AppIcon;
				ASSETCATALOG_COMPILER_GLOBAL_ACCENT_COLOR_NAME = AccentColor;
				CODE_SIGN_STYLE = Automatic;
				DEVELOPMENT_TEAM = Q9PPH2T3L2;
				INFOPLIST_FILE = "Milestone 3/Info.plist";
				LD_RUNPATH_SEARCH_PATHS = (
					"$(inherited)",
					"@executable_path/Frameworks",
				);
				PRODUCT_BUNDLE_IDENTIFIER = "com.samrshi.Milestone-3";
				PRODUCT_NAME = "$(TARGET_NAME)";
				SWIFT_VERSION = 5.0;
				TARGETED_DEVICE_FAMILY = "1,2";
			};
			name = Release;
		};
/* End XCBuildConfiguration section */

/* Begin XCConfigurationList section */
		BD2CA3A1260D1969008932EB /* Build configuration list for PBXProject "Milestone 3" */ = {
			isa = XCConfigurationList;
			buildConfigurations = (
				BD2CA3B8260D196B008932EB /* Debug */,
				BD2CA3B9260D196B008932EB /* Release */,
			);
			defaultConfigurationIsVisible = 0;
			defaultConfigurationName = Release;
		};
		BD2CA3BA260D196B008932EB /* Build configuration list for PBXNativeTarget "Milestone 3" */ = {
			isa = XCConfigurationList;
			buildConfigurations = (
				BD2CA3BB260D196B008932EB /* Debug */,
				BD2CA3BC260D196B008932EB /* Release */,
			);
			defaultConfigurationIsVisible = 0;
			defaultConfigurationName = Release;
		};
/* End XCConfigurationList section */
	};
	rootObject = BD2CA39E260D1969008932EB /* Project object */;
}
