// !$*UTF8*$!
{
	archiveVersion = 1;
	classes = {
	};
	objectVersion = 50;
	objects = {

/* Begin PBXBuildFile section */
		BD478B1C261F864D00C729A7 /* ImageListVC.swift in Sources */ = {isa = PBXBuildFile; fileRef = BD478B1B261F864D00C729A7 /* ImageListVC.swift */; };
		BD478B20261F892D00C729A7 /* UIView+pin.swift in Sources */ = {isa = PBXBuildFile; fileRef = BD478B1F261F892D00C729A7 /* UIView+pin.swift */; };
		BD478B25261F8A6100C729A7 /* ImageCell.swift in Sources */ = {isa = PBXBuildFile; fileRef = BD478B24261F8A6100C729A7 /* ImageCell.swift */; };
		BDC39978261FAE2700656A10 /* ImageStore.swift in Sources */ = {isa = PBXBuildFile; fileRef = BDC39977261FAE2700656A10 /* ImageStore.swift */; };
		BDC3997B261FAF1900656A10 /* FileManager+docsDirectory.swift in Sources */ = {isa = PBXBuildFile; fileRef = BDC3997A261FAF1900656A10 /* FileManager+docsDirectory.swift */; };
		BDE5047B261C1FD300DF533F /* AppDelegate.swift in Sources */ = {isa = PBXBuildFile; fileRef = BDE5047A261C1FD300DF533F /* AppDelegate.swift */; };
		BDE5047D261C1FD300DF533F /* SceneDelegate.swift in Sources */ = {isa = PBXBuildFile; fileRef = BDE5047C261C1FD300DF533F /* SceneDelegate.swift */; };
		BDE50484261C1FD500DF533F /* Assets.xcassets in Resources */ = {isa = PBXBuildFile; fileRef = BDE50483261C1FD500DF533F /* Assets.xcassets */; };
		BDE50487261C1FD500DF533F /* LaunchScreen.storyboard in Resources */ = {isa = PBXBuildFile; fileRef = BDE50485261C1FD500DF533F /* LaunchScreen.storyboard */; };
		BDE50493261C247800DF533F /* CaptionedImageVC.swift in Sources */ = {isa = PBXBuildFile; fileRef = BDE50492261C247800DF533F /* CaptionedImageVC.swift */; };
		BDE50496261C284B00DF533F /* CaptionedImage.swift in Sources */ = {isa = PBXBuildFile; fileRef = BDE50495261C284B00DF533F /* CaptionedImage.swift */; };
/* End PBXBuildFile section */

/* Begin PBXFileReference section */
		BD478B1B261F864D00C729A7 /* ImageListVC.swift */ = {isa = PBXFileReference; lastKnownFileType = sourcecode.swift; path = ImageListVC.swift; sourceTree = "<group>"; };
		BD478B1F261F892D00C729A7 /* UIView+pin.swift */ = {isa = PBXFileReference; lastKnownFileType = sourcecode.swift; path = "UIView+pin.swift"; sourceTree = "<group>"; };
		BD478B24261F8A6100C729A7 /* ImageCell.swift */ = {isa = PBXFileReference; lastKnownFileType = sourcecode.swift; path = ImageCell.swift; sourceTree = "<group>"; };
		BDC39977261FAE2700656A10 /* ImageStore.swift */ = {isa = PBXFileReference; lastKnownFileType = sourcecode.swift; path = ImageStore.swift; sourceTree = "<group>"; };
		BDC3997A261FAF1900656A10 /* FileManager+docsDirectory.swift */ = {isa = PBXFileReference; lastKnownFileType = sourcecode.swift; path = "FileManager+docsDirectory.swift"; sourceTree = "<group>"; };
		BDE50477261C1FD300DF533F /* Milestone 10-12.app */ = {isa = PBXFileReference; explicitFileType = wrapper.application; includeInIndex = 0; path = "Milestone 10-12.app"; sourceTree = BUILT_PRODUCTS_DIR; };
		BDE5047A261C1FD300DF533F /* AppDelegate.swift */ = {isa = PBXFileReference; lastKnownFileType = sourcecode.swift; path = AppDelegate.swift; sourceTree = "<group>"; };
		BDE5047C261C1FD300DF533F /* SceneDelegate.swift */ = {isa = PBXFileReference; lastKnownFileType = sourcecode.swift; path = SceneDelegate.swift; sourceTree = "<group>"; };
		BDE50483261C1FD500DF533F /* Assets.xcassets */ = {isa = PBXFileReference; lastKnownFileType = folder.assetcatalog; path = Assets.xcassets; sourceTree = "<group>"; };
		BDE50486261C1FD500DF533F /* Base */ = {isa = PBXFileReference; lastKnownFileType = file.storyboard; name = Base; path = Base.lproj/LaunchScreen.storyboard; sourceTree = "<group>"; };
		BDE50488261C1FD500DF533F /* Info.plist */ = {isa = PBXFileReference; lastKnownFileType = text.plist.xml; path = Info.plist; sourceTree = "<group>"; };
		BDE50492261C247800DF533F /* CaptionedImageVC.swift */ = {isa = PBXFileReference; lastKnownFileType = sourcecode.swift; path = CaptionedImageVC.swift; sourceTree = "<group>"; };
		BDE50495261C284B00DF533F /* CaptionedImage.swift */ = {isa = PBXFileReference; lastKnownFileType = sourcecode.swift; path = CaptionedImage.swift; sourceTree = "<group>"; };
/* End PBXFileReference section */

/* Begin PBXFrameworksBuildPhase section */
		BDE50474261C1FD300DF533F /* Frameworks */ = {
			isa = PBXFrameworksBuildPhase;
			buildActionMask = 2147483647;
			files = (
			);
			runOnlyForDeploymentPostprocessing = 0;
		};
/* End PBXFrameworksBuildPhase section */

/* Begin PBXGroup section */
		BD4742D9261F7F4C00B23866 /* Model */ = {
			isa = PBXGroup;
			children = (
				BDE50495261C284B00DF533F /* CaptionedImage.swift */,
				BDC39977261FAE2700656A10 /* ImageStore.swift */,
			);
			path = Model;
			sourceTree = "<group>";
		};
		BD4742DA261F7F5300B23866 /* View */ = {
			isa = PBXGroup;
			children = (
				BD478B24261F8A6100C729A7 /* ImageCell.swift */,
			);
			path = View;
			sourceTree = "<group>";
		};
		BD4742DB261F7F5700B23866 /* Controller */ = {
			isa = PBXGroup;
			children = (
				BD478B1B261F864D00C729A7 /* ImageListVC.swift */,
				BDE50492261C247800DF533F /* CaptionedImageVC.swift */,
			);
			path = Controller;
			sourceTree = "<group>";
		};
		BD4742DC261F7FCF00B23866 /* Support */ = {
			isa = PBXGroup;
			children = (
				BDE5047A261C1FD300DF533F /* AppDelegate.swift */,
				BDE5047C261C1FD300DF533F /* SceneDelegate.swift */,
				BDE50483261C1FD500DF533F /* Assets.xcassets */,
				BDE50485261C1FD500DF533F /* LaunchScreen.storyboard */,
				BDE50488261C1FD500DF533F /* Info.plist */,
			);
			path = Support;
			sourceTree = "<group>";
		};
		BD478B1E261F88F800C729A7 /* Extensions */ = {
			isa = PBXGroup;
			children = (
				BD478B1F261F892D00C729A7 /* UIView+pin.swift */,
				BDC3997A261FAF1900656A10 /* FileManager+docsDirectory.swift */,
			);
			path = Extensions;
			sourceTree = "<group>";
		};
		BDE5046E261C1FD300DF533F = {
			isa = PBXGroup;
			children = (
				BDE50479261C1FD300DF533F /* Milestone 10-12 */,
				BDE50478261C1FD300DF533F /* Products */,
			);
			sourceTree = "<group>";
		};
		BDE50478261C1FD300DF533F /* Products */ = {
			isa = PBXGroup;
			children = (
				BDE50477261C1FD300DF533F /* Milestone 10-12.app */,
			);
			name = Products;
			sourceTree = "<group>";
		};
		BDE50479261C1FD300DF533F /* Milestone 10-12 */ = {
			isa = PBXGroup;
			children = (
				BD4742D9261F7F4C00B23866 /* Model */,
				BD4742DA261F7F5300B23866 /* View */,
				BD4742DB261F7F5700B23866 /* Controller */,
				BD4742DC261F7FCF00B23866 /* Support */,
				BD478B1E261F88F800C729A7 /* Extensions */,
			);
			path = "Milestone 10-12";
			sourceTree = "<group>";
		};
/* End PBXGroup section */

/* Begin PBXNativeTarget section */
		BDE50476261C1FD300DF533F /* Milestone 10-12 */ = {
			isa = PBXNativeTarget;
			buildConfigurationList = BDE5048B261C1FD500DF533F /* Build configuration list for PBXNativeTarget "Milestone 10-12" */;
			buildPhases = (
				BDE50473261C1FD300DF533F /* Sources */,
				BDE50474261C1FD300DF533F /* Frameworks */,
				BDE50475261C1FD300DF533F /* Resources */,
			);
			buildRules = (
			);
			dependencies = (
			);
			name = "Milestone 10-12";
			productName = "Milestone 10-12";
			productReference = BDE50477261C1FD300DF533F /* Milestone 10-12.app */;
			productType = "com.apple.product-type.application";
		};
/* End PBXNativeTarget section */

/* Begin PBXProject section */
		BDE5046F261C1FD300DF533F /* Project object */ = {
			isa = PBXProject;
			attributes = {
				LastSwiftUpdateCheck = 1240;
				LastUpgradeCheck = 1240;
				TargetAttributes = {
					BDE50476261C1FD300DF533F = {
						CreatedOnToolsVersion = 12.4;
					};
				};
			};
			buildConfigurationList = BDE50472261C1FD300DF533F /* Build configuration list for PBXProject "Milestone 10-12" */;
			compatibilityVersion = "Xcode 9.3";
			developmentRegion = en;
			hasScannedForEncodings = 0;
			knownRegions = (
				en,
				Base,
			);
			mainGroup = BDE5046E261C1FD300DF533F;
			productRefGroup = BDE50478261C1FD300DF533F /* Products */;
			projectDirPath = "";
			projectRoot = "";
			targets = (
				BDE50476261C1FD300DF533F /* Milestone 10-12 */,
			);
		};
/* End PBXProject section */

/* Begin PBXResourcesBuildPhase section */
		BDE50475261C1FD300DF533F /* Resources */ = {
			isa = PBXResourcesBuildPhase;
			buildActionMask = 2147483647;
			files = (
				BDE50487261C1FD500DF533F /* LaunchScreen.storyboard in Resources */,
				BDE50484261C1FD500DF533F /* Assets.xcassets in Resources */,
			);
			runOnlyForDeploymentPostprocessing = 0;
		};
/* End PBXResourcesBuildPhase section */

/* Begin PBXSourcesBuildPhase section */
		BDE50473261C1FD300DF533F /* Sources */ = {
			isa = PBXSourcesBuildPhase;
			buildActionMask = 2147483647;
			files = (
				BDE50496261C284B00DF533F /* CaptionedImage.swift in Sources */,
				BDE5047B261C1FD300DF533F /* AppDelegate.swift in Sources */,
				BDE5047D261C1FD300DF533F /* SceneDelegate.swift in Sources */,
				BD478B25261F8A6100C729A7 /* ImageCell.swift in Sources */,
				BDC39978261FAE2700656A10 /* ImageStore.swift in Sources */,
				BD478B1C261F864D00C729A7 /* ImageListVC.swift in Sources */,
				BD478B20261F892D00C729A7 /* UIView+pin.swift in Sources */,
				BDC3997B261FAF1900656A10 /* FileManager+docsDirectory.swift in Sources */,
				BDE50493261C247800DF533F /* CaptionedImageVC.swift in Sources */,
			);
			runOnlyForDeploymentPostprocessing = 0;
		};
/* End PBXSourcesBuildPhase section */

/* Begin PBXVariantGroup section */
		BDE50485261C1FD500DF533F /* LaunchScreen.storyboard */ = {
			isa = PBXVariantGroup;
			children = (
				BDE50486261C1FD500DF533F /* Base */,
			);
			name = LaunchScreen.storyboard;
			sourceTree = "<group>";
		};
/* End PBXVariantGroup section */

/* Begin XCBuildConfiguration section */
		BDE50489261C1FD500DF533F /* Debug */ = {
			isa = XCBuildConfiguration;
			buildSettings = {
				ALWAYS_SEARCH_USER_PATHS = NO;
				CLANG_ANALYZER_NONNULL = YES;
				CLANG_ANALYZER_NUMBER_OBJECT_CONVERSION = YES_AGGRESSIVE;
				CLANG_CXX_LANGUAGE_STANDARD = "gnu++14";
				CLANG_CXX_LIBRARY = "libc++";
				CLANG_ENABLE_MODULES = YES;
				CLANG_ENABLE_OBJC_ARC = YES;
				CLANG_ENABLE_OBJC_WEAK = YES;
				CLANG_WARN_BLOCK_CAPTURE_AUTORELEASING = YES;
				CLANG_WARN_BOOL_CONVERSION = YES;
				CLANG_WARN_COMMA = YES;
				CLANG_WARN_CONSTANT_CONVERSION = YES;
				CLANG_WARN_DEPRECATED_OBJC_IMPLEMENTATIONS = YES;
				CLANG_WARN_DIRECT_OBJC_ISA_USAGE = YES_ERROR;
				CLANG_WARN_DOCUMENTATION_COMMENTS = YES;
				CLANG_WARN_EMPTY_BODY = YES;
				CLANG_WARN_ENUM_CONVERSION = YES;
				CLANG_WARN_INFINITE_RECURSION = YES;
				CLANG_WARN_INT_CONVERSION = YES;
				CLANG_WARN_NON_LITERAL_NULL_CONVERSION = YES;
				CLANG_WARN_OBJC_IMPLICIT_RETAIN_SELF = YES;
				CLANG_WARN_OBJC_LITERAL_CONVERSION = YES;
				CLANG_WARN_OBJC_ROOT_CLASS = YES_ERROR;
				CLANG_WARN_QUOTED_INCLUDE_IN_FRAMEWORK_HEADER = YES;
				CLANG_WARN_RANGE_LOOP_ANALYSIS = YES;
				CLANG_WARN_STRICT_PROTOTYPES = YES;
				CLANG_WARN_SUSPICIOUS_MOVE = YES;
				CLANG_WARN_UNGUARDED_AVAILABILITY = YES_AGGRESSIVE;
				CLANG_WARN_UNREACHABLE_CODE = YES;
				CLANG_WARN__DUPLICATE_METHOD_MATCH = YES;
				COPY_PHASE_STRIP = NO;
				DEBUG_INFORMATION_FORMAT = dwarf;
				ENABLE_STRICT_OBJC_MSGSEND = YES;
				ENABLE_TESTABILITY = YES;
				GCC_C_LANGUAGE_STANDARD = gnu11;
				GCC_DYNAMIC_NO_PIC = NO;
				GCC_NO_COMMON_BLOCKS = YES;
				GCC_OPTIMIZATION_LEVEL = 0;
				GCC_PREPROCESSOR_DEFINITIONS = (
					"DEBUG=1",
					"$(inherited)",
				);
				GCC_WARN_64_TO_32_BIT_CONVERSION = YES;
				GCC_WARN_ABOUT_RETURN_TYPE = YES_ERROR;
				GCC_WARN_UNDECLARED_SELECTOR = YES;
				GCC_WARN_UNINITIALIZED_AUTOS = YES_AGGRESSIVE;
				GCC_WARN_UNUSED_FUNCTION = YES;
				GCC_WARN_UNUSED_VARIABLE = YES;
				IPHONEOS_DEPLOYMENT_TARGET = 14.4;
				MTL_ENABLE_DEBUG_INFO = INCLUDE_SOURCE;
				MTL_FAST_MATH = YES;
				ONLY_ACTIVE_ARCH = YES;
				SDKROOT = iphoneos;
				SWIFT_ACTIVE_COMPILATION_CONDITIONS = DEBUG;
				SWIFT_OPTIMIZATION_LEVEL = "-Onone";
			};
			name = Debug;
		};
		BDE5048A261C1FD500DF533F /* Release */ = {
			isa = XCBuildConfiguration;
			buildSettings = {
				ALWAYS_SEARCH_USER_PATHS = NO;
				CLANG_ANALYZER_NONNULL = YES;
				CLANG_ANALYZER_NUMBER_OBJECT_CONVERSION = YES_AGGRESSIVE;
				CLANG_CXX_LANGUAGE_STANDARD = "gnu++14";
				CLANG_CXX_LIBRARY = "libc++";
				CLANG_ENABLE_MODULES = YES;
				CLANG_ENABLE_OBJC_ARC = YES;
				CLANG_ENABLE_OBJC_WEAK = YES;
				CLANG_WARN_BLOCK_CAPTURE_AUTORELEASING = YES;
				CLANG_WARN_BOOL_CONVERSION = YES;
				CLANG_WARN_COMMA = YES;
				CLANG_WARN_CONSTANT_CONVERSION = YES;
				CLANG_WARN_DEPRECATED_OBJC_IMPLEMENTATIONS = YES;
				CLANG_WARN_DIRECT_OBJC_ISA_USAGE = YES_ERROR;
				CLANG_WARN_DOCUMENTATION_COMMENTS = YES;
				CLANG_WARN_EMPTY_BODY = YES;
				CLANG_WARN_ENUM_CONVERSION = YES;
				CLANG_WARN_INFINITE_RECURSION = YES;
				CLANG_WARN_INT_CONVERSION = YES;
				CLANG_WARN_NON_LITERAL_NULL_CONVERSION = YES;
				CLANG_WARN_OBJC_IMPLICIT_RETAIN_SELF = YES;
				CLANG_WARN_OBJC_LITERAL_CONVERSION = YES;
				CLANG_WARN_OBJC_ROOT_CLASS = YES_ERROR;
				CLANG_WARN_QUOTED_INCLUDE_IN_FRAMEWORK_HEADER = YES;
				CLANG_WARN_RANGE_LOOP_ANALYSIS = YES;
				CLANG_WARN_STRICT_PROTOTYPES = YES;
				CLANG_WARN_SUSPICIOUS_MOVE = YES;
				CLANG_WARN_UNGUARDED_AVAILABILITY = YES_AGGRESSIVE;
				CLANG_WARN_UNREACHABLE_CODE = YES;
				CLANG_WARN__DUPLICATE_METHOD_MATCH = YES;
				COPY_PHASE_STRIP = NO;
				DEBUG_INFORMATION_FORMAT = "dwarf-with-dsym";
				ENABLE_NS_ASSERTIONS = NO;
				ENABLE_STRICT_OBJC_MSGSEND = YES;
				GCC_C_LANGUAGE_STANDARD = gnu11;
				GCC_NO_COMMON_BLOCKS = YES;
				GCC_WARN_64_TO_32_BIT_CONVERSION = YES;
				GCC_WARN_ABOUT_RETURN_TYPE = YES_ERROR;
				GCC_WARN_UNDECLARED_SELECTOR = YES;
				GCC_WARN_UNINITIALIZED_AUTOS = YES_AGGRESSIVE;
				GCC_WARN_UNUSED_FUNCTION = YES;
				GCC_WARN_UNUSED_VARIABLE = YES;
				IPHONEOS_DEPLOYMENT_TARGET = 14.4;
				MTL_ENABLE_DEBUG_INFO = NO;
				MTL_FAST_MATH = YES;
				SDKROOT = iphoneos;
				SWIFT_COMPILATION_MODE = wholemodule;
				SWIFT_OPTIMIZATION_LEVEL = "-O";
				VALIDATE_PRODUCT = YES;
			};
			name = Release;
		};
		BDE5048C261C1FD500DF533F /* Debug */ = {
			isa = XCBuildConfiguration;
			buildSettings = {
				ASSETCATALOG_COMPILER_APPICON_NAME = AppIcon;
				ASSETCATALOG_COMPILER_GLOBAL_ACCENT_COLOR_NAME = AccentColor;
				CODE_SIGN_STYLE = Automatic;
				DEVELOPMENT_TEAM = Q9PPH2T3L2;
				INFOPLIST_FILE = "Milestone 10-12/Support/Info.plist";
				LD_RUNPATH_SEARCH_PATHS = (
					"$(inherited)",
					"@executable_path/Frameworks",
				);
				PRODUCT_BUNDLE_IDENTIFIER = "com.samrshi.Milestone-10-12";
				PRODUCT_NAME = "$(TARGET_NAME)";
				SWIFT_VERSION = 5.0;
				TARGETED_DEVICE_FAMILY = "1,2";
			};
			name = Debug;
		};
		BDE5048D261C1FD500DF533F /* Release */ = {
			isa = XCBuildConfiguration;
			buildSettings = {
				ASSETCATALOG_COMPILER_APPICON_NAME = AppIcon;
				ASSETCATALOG_COMPILER_GLOBAL_ACCENT_COLOR_NAME = AccentColor;
				CODE_SIGN_STYLE = Automatic;
				DEVELOPMENT_TEAM = Q9PPH2T3L2;
				INFOPLIST_FILE = "Milestone 10-12/Support/Info.plist";
				LD_RUNPATH_SEARCH_PATHS = (
					"$(inherited)",
					"@executable_path/Frameworks",
				);
				PRODUCT_BUNDLE_IDENTIFIER = "com.samrshi.Milestone-10-12";
				PRODUCT_NAME = "$(TARGET_NAME)";
				SWIFT_VERSION = 5.0;
				TARGETED_DEVICE_FAMILY = "1,2";
			};
			name = Release;
		};
/* End XCBuildConfiguration section */

/* Begin XCConfigurationList section */
		BDE50472261C1FD300DF533F /* Build configuration list for PBXProject "Milestone 10-12" */ = {
			isa = XCConfigurationList;
			buildConfigurations = (
				BDE50489261C1FD500DF533F /* Debug */,
				BDE5048A261C1FD500DF533F /* Release */,
			);
			defaultConfigurationIsVisible = 0;
			defaultConfigurationName = Release;
		};
		BDE5048B261C1FD500DF533F /* Build configuration list for PBXNativeTarget "Milestone 10-12" */ = {
			isa = XCConfigurationList;
			buildConfigurations = (
				BDE5048C261C1FD500DF533F /* Debug */,
				BDE5048D261C1FD500DF533F /* Release */,
			);
			defaultConfigurationIsVisible = 0;
			defaultConfigurationName = Release;
		};
/* End XCConfigurationList section */
	};
	rootObject = BDE5046F261C1FD300DF533F /* Project object */;
}
